
Microsoft Visual Studio Solution File, Format Version 12.00
# Visual Studio Version 16
VisualStudioVersion = 16.0.29209.62
MinimumVisualStudioVersion = 10.0.40219.1
Project("{FAE04EC0-301F-11D3-BF4B-00C04F79EFBC}") = "Assignment6", "Assignment6\Assignment6.csproj", "{B57B88CC-967A-4B25-8E28-5C70D7E282FF}"
EndProject
Global
	GlobalSection(SolutionConfigurationPlatforms) = preSolution
		Debug|Any CPU = Debug|Any CPU
		Release|Any CPU = Release|Any CPU
	EndGlobalSection
	GlobalSection(ProjectConfigurationPlatforms) = postSolution
		{B57B88CC-967A-4B25-8E28-5C70D7E282FF}.Debug|Any CPU.ActiveCfg = Debug|Any CPU
		{B57B88CC-967A-4B25-8E28-5C70D7E282FF}.Debug|Any CPU.Build.0 = Debug|Any CPU
		{B57B88CC-967A-4B25-8E28-5C70D7E282FF}.Release|Any CPU.ActiveCfg = Release|Any CPU
		{B57B88CC-967A-4B25-8E28-5C70D7E282FF}.Release|Any CPU.Build.0 = Release|Any CPU
	EndGlobalSection
	GlobalSection(SolutionProperties) = preSolution
		HideSolutionNode = FALSE
	EndGlobalSection
	GlobalSection(ExtensibilityGlobals) = postSolution
		SolutionGuid = {F7833EFD-EFC4-4545-B898-34ED55E4C8B4}
	EndGlobalSection
EndGlobal
